
Microsoft Visual Studio Solution File, Format Version 12.00
# Visual Studio Version 16
VisualStudioVersion = 16.0.29806.167
MinimumVisualStudioVersion = 10.0.40219.1
Project("{8BC9CEB8-8B4A-11D0-8D11-00A0C91BC942}") = "Lab 1-5", "Lab 1-5\Lab 1-5.vcxproj", "{93258472-72AF-4AFE-8927-0BFD5F19C550}"
EndProject
Global
	GlobalSection(SolutionConfigurationPlatforms) = preSolution
		Debug|x64 = Debug|x64
		Debug|x86 = Debug|x86
		Release|x64 = Release|x64
		Release|x86 = Release|x86
	EndGlobalSection
	GlobalSection(ProjectConfigurationPlatforms) = postSolution
		{93258472-72AF-4AFE-8927-0BFD5F19C550}.Debug|x64.ActiveCfg = Debug|x64
		{93258472-72AF-4AFE-8927-0BFD5F19C550}.Debug|x64.Build.0 = Debug|x64
		{93258472-72AF-4AFE-8927-0BFD5F19C550}.Debug|x86.ActiveCfg = Debug|Win32
		{93258472-72AF-4AFE-8927-0BFD5F19C550}.Debug|x86.Build.0 = Debug|Win32
		{93258472-72AF-4AFE-8927-0BFD5F19C550}.Release|x64.ActiveCfg = Release|x64
		{93258472-72AF-4AFE-8927-0BFD5F19C550}.Release|x64.Build.0 = Release|x64
		{93258472-72AF-4AFE-8927-0BFD5F19C550}.Release|x86.ActiveCfg = Release|Win32
		{93258472-72AF-4AFE-8927-0BFD5F19C550}.Release|x86.Build.0 = Release|Win32
	EndGlobalSection
	GlobalSection(SolutionProperties) = preSolution
		HideSolutionNode = FALSE
	EndGlobalSection
	GlobalSection(ExtensibilityGlobals) = postSolution
		SolutionGuid = {64B0D6E8-220D-4FD7-B826-755490CB0B3A}
	EndGlobalSection
EndGlobal
